
Microsoft Visual Studio Solution File, Format Version 12.00
# Visual Studio 15
VisualStudioVersion = 15.0.26228.4
MinimumVisualStudioVersion = 10.0.40219.1
Project("{FAE04EC0-301F-11D3-BF4B-00C04F79EFBC}") = "Note Book", "Note Book\Note Book.csproj", "{C517F334-5202-451F-94A8-89570D331B93}"
EndProject
Global
	GlobalSection(SolutionConfigurationPlatforms) = preSolution
		Debug|Any CPU = Debug|Any CPU
		Release|Any CPU = Release|Any CPU
	EndGlobalSection
	GlobalSection(ProjectConfigurationPlatforms) = postSolution
		{C517F334-5202-451F-94A8-89570D331B93}.Debug|Any CPU.ActiveCfg = Debug|Any CPU
		{C517F334-5202-451F-94A8-89570D331B93}.Debug|Any CPU.Build.0 = Debug|Any CPU
		{C517F334-5202-451F-94A8-89570D331B93}.Release|Any CPU.ActiveCfg = Release|Any CPU
		{C517F334-5202-451F-94A8-89570D331B93}.Release|Any CPU.Build.0 = Release|Any CPU
	EndGlobalSection
	GlobalSection(SolutionProperties) = preSolution
		HideSolutionNode = FALSE
	EndGlobalSection
EndGlobal
